
Microsoft Visual Studio Solution File, Format Version 12.00
# Visual Studio Version 17
VisualStudioVersion = 17.5.33424.131
MinimumVisualStudioVersion = 10.0.40219.1
Project("{FAE04EC0-301F-11D3-BF4B-00C04F79EFBC}") = "TESTING", "TESTING\TESTING.csproj", "{D5648A40-F6C3-437A-8DAB-5D2D0D91A56B}"
EndProject
Global
	GlobalSection(SolutionConfigurationPlatforms) = preSolution
		Debug|Any CPU = Debug|Any CPU
		Release|Any CPU = Release|Any CPU
	EndGlobalSection
	GlobalSection(ProjectConfigurationPlatforms) = postSolution
		{D5648A40-F6C3-437A-8DAB-5D2D0D91A56B}.Debug|Any CPU.ActiveCfg = Debug|Any CPU
		{D5648A40-F6C3-437A-8DAB-5D2D0D91A56B}.Debug|Any CPU.Build.0 = Debug|Any CPU
		{D5648A40-F6C3-437A-8DAB-5D2D0D91A56B}.Release|Any CPU.ActiveCfg = Release|Any CPU
		{D5648A40-F6C3-437A-8DAB-5D2D0D91A56B}.Release|Any CPU.Build.0 = Release|Any CPU
	EndGlobalSection
	GlobalSection(SolutionProperties) = preSolution
		HideSolutionNode = FALSE
	EndGlobalSection
	GlobalSection(ExtensibilityGlobals) = postSolution
		SolutionGuid = {279AB1F7-C538-4AEB-8DEE-E364D0BAEF99}
	EndGlobalSection
EndGlobal
